
Microsoft Visual Studio Solution File, Format Version 12.00
# Visual Studio 15
Project("{FAE04EC0-301F-11D3-BF4B-00C04F79EFBC}") = "CsharpProgram", "CsharpProgram\CsharpProgram.csproj", "{7DBFF577-C66B-4496-8E23-B5227455572F}"
EndProject
Global
	GlobalSection(SolutionConfigurationPlatforms) = preSolution
		Debug|Any CPU = Debug|Any CPU
		Release|Any CPU = Release|Any CPU
	EndGlobalSection
	GlobalSection(ProjectConfigurationPlatforms) = postSolution
		{7DBFF577-C66B-4496-8E23-B5227455572F}.Debug|Any CPU.ActiveCfg = Debug|Any CPU
		{7DBFF577-C66B-4496-8E23-B5227455572F}.Debug|Any CPU.Build.0 = Debug|Any CPU
		{7DBFF577-C66B-4496-8E23-B5227455572F}.Release|Any CPU.ActiveCfg = Release|Any CPU
		{7DBFF577-C66B-4496-8E23-B5227455572F}.Release|Any CPU.Build.0 = Release|Any CPU
	EndGlobalSection
EndGlobal
